
Microsoft Visual Studio Solution File, Format Version 12.00
# Visual Studio Version 17
VisualStudioVersion = 17.4.33122.133
MinimumVisualStudioVersion = 10.0.40219.1
Project("{FAE04EC0-301F-11D3-BF4B-00C04F79EFBC}") = "ProjetoCadastroComArquivo", "ProjetoCadastroComArquivo\ProjetoCadastroComArquivo.csproj", "{13C85BA0-C188-450F-95CE-D124580C6BA1}"
EndProject
Global
	GlobalSection(SolutionConfigurationPlatforms) = preSolution
		Debug|Any CPU = Debug|Any CPU
		Release|Any CPU = Release|Any CPU
	EndGlobalSection
	GlobalSection(ProjectConfigurationPlatforms) = postSolution
		{13C85BA0-C188-450F-95CE-D124580C6BA1}.Debug|Any CPU.ActiveCfg = Debug|Any CPU
		{13C85BA0-C188-450F-95CE-D124580C6BA1}.Debug|Any CPU.Build.0 = Debug|Any CPU
		{13C85BA0-C188-450F-95CE-D124580C6BA1}.Release|Any CPU.ActiveCfg = Release|Any CPU
		{13C85BA0-C188-450F-95CE-D124580C6BA1}.Release|Any CPU.Build.0 = Release|Any CPU
	EndGlobalSection
	GlobalSection(SolutionProperties) = preSolution
		HideSolutionNode = FALSE
	EndGlobalSection
	GlobalSection(ExtensibilityGlobals) = postSolution
		SolutionGuid = {22E16E42-6316-43A9-A197-A64419002C89}
	EndGlobalSection
EndGlobal
